
Microsoft Visual Studio Solution File, Format Version 12.00
# Visual Studio Version 17
VisualStudioVersion = 17.11.35327.3
MinimumVisualStudioVersion = 10.0.40219.1
Project("{FAE04EC0-301F-11D3-BF4B-00C04F79EFBC}") = "OneAccountManagement", "OneAccountManagement.csproj", "{B3D49843-6E81-4065-84E8-87F115CF6A9B}"
EndProject
Global
	GlobalSection(SolutionConfigurationPlatforms) = preSolution
		Debug|Any CPU = Debug|Any CPU
		Release|Any CPU = Release|Any CPU
	EndGlobalSection
	GlobalSection(ProjectConfigurationPlatforms) = postSolution
		{B3D49843-6E81-4065-84E8-87F115CF6A9B}.Debug|Any CPU.ActiveCfg = Debug|Any CPU
		{B3D49843-6E81-4065-84E8-87F115CF6A9B}.Debug|Any CPU.Build.0 = Debug|Any CPU
		{B3D49843-6E81-4065-84E8-87F115CF6A9B}.Release|Any CPU.ActiveCfg = Release|Any CPU
		{B3D49843-6E81-4065-84E8-87F115CF6A9B}.Release|Any CPU.Build.0 = Release|Any CPU
	EndGlobalSection
	GlobalSection(SolutionProperties) = preSolution
		HideSolutionNode = FALSE
	EndGlobalSection
	GlobalSection(ExtensibilityGlobals) = postSolution
		SolutionGuid = {A5724596-AC85-4DFB-B353-C4BD4A7EA5BB}
	EndGlobalSection
EndGlobal
